{
  "version": 4,
  "terraform_version": "1.13.2",
  "serial": 18,
  "lineage": "80fbb30a-9e6f-6cf8-a3e3-d38c502a18f5",
  "outputs": {
    "openwrt_container_id": {
      "value": 101,
      "type": "number"
    },
    "openwrt_container_name": {
      "value": "openwrt-01",
      "type": "string"
    }
  },
  "resources": [
    {
      "mode": "managed",
      "type": "proxmox_sdn_applier",
      "name": "initial_applier",
      "provider": "provider[\"registry.terraform.io/bpg/proxmox\"]",
      "instances": [
        {
          "schema_version": 0,
          "attributes": {
            "id": "1788887252163",
            "on_create": true,
            "on_destroy": true
          },
          "sensitive_attributes": [],
          "identity_schema_version": 0
        }
      ]
    },
    {
      "mode": "managed",
      "type": "proxmox_virtual_environment_cluster_firewall",
      "name": "main",
      "provider": "provider[\"registry.terraform.io/bpg/proxmox\"]",
      "instances": [
        {
          "schema_version": 0,
          "attributes": {
            "ebtables": false,
            "enabled": true,
            "forward_policy": "ACCEPT",
            "id": "cluster-firewall",
            "input_policy": "ACCEPT",
            "log_ratelimit": [],
            "output_policy": "ACCEPT"
          },
          "sensitive_attributes": [],
          "identity_schema_version": 0,
          "private": "bnVsbA=="
        }
      ]
    },
    {
      "mode": "managed",
      "type": "proxmox_virtual_environment_container",
      "name": "openwrt",
      "provider": "provider[\"registry.terraform.io/bpg/proxmox\"]",
      "instances": [
        {
          "schema_version": 0,
          "attributes": {
            "clone": [],
            "console": [],
            "cpu": [
              {
                "architecture": "amd64",
                "cores": 1,
                "limit": 0,
                "units": 0
              }
            ],
            "description": "OpenWrt network utility: Terraform-managed DHCP/DNS\n",
            "device_passthrough": [],
            "disk": [
              {
                "acl": false,
                "datastore_id": "proxpool",
                "mount_options": [],
                "path_in_datastore": "proxpool:vm-101-disk-0",
                "quota": false,
                "replicate": false,
                "size": 2
              }
            ],
            "environment_variables": {},
            "features": [],
            "hook_script_file_id": "",
            "id": "101",
            "idmap": [],
            "initialization": [
              {
                "dns": [],
                "entrypoint": "",
                "hostname": "openwrt",
                "ip_config": [
                  {
                    "ipv4": [
                      {
                        "address": "192.168.2.101/24",
                        "gateway": "192.168.2.1"
                      }
                    ],
                    "ipv6": []
                  }
                ],
                "user_account": []
              }
            ],
            "ipv4": {
              "eth0": "192.168.1.1"
            },
            "ipv6": {
              "eth0": "fe80::be24:11ff:fefa:2c67"
            },
            "memory": [
              {
                "dedicated": 500,
                "swap": 0
              }
            ],
            "mount_point": [],
            "network_interface": [
              {
                "bridge": "vmbr0",
                "enabled": true,
                "firewall": false,
                "host_managed": false,
                "mac_address": "BC:24:11:FA:2C:67",
                "mtu": 0,
                "name": "eth0",
                "rate_limit": 0,
                "vlan_id": 12
              }
            ],
            "node_name": "mgmt1",
            "operating_system": [
              {
                "template_file_id": "cephfs:vztmpl/openwrt-25.12.5-x86-64-rootfs.tar.gz",
                "type": "unmanaged"
              }
            ],
            "pool_id": null,
            "protection": false,
            "start_on_boot": true,
            "started": true,
            "startup": [],
            "tags": [
              "net-utils",
              "openwrt",
              "terraform"
            ],
            "template": false,
            "timeout_clone": 1800,
            "timeout_create": 1800,
            "timeout_delete": 60,
            "timeout_start": 300,
            "timeout_update": 1800,
            "unprivileged": false,
            "vm_id": 101,
            "wait_for_ip": []
          },
          "sensitive_attributes": [],
          "identity_schema_version": 0,
          "private": "bnVsbA=="
        }
      ]
    },
    {
      "mode": "managed",
      "type": "proxmox_virtual_environment_firewall_ipset",
      "name": "k8s_control",
      "provider": "provider[\"registry.terraform.io/bpg/proxmox\"]",
      "instances": [
        {
          "schema_version": 0,
          "attributes": {
            "cidr": [
              {
                "comment": "Kubernetes control-plane network",
                "name": "10.8.0.0/24",
                "nomatch": false
              }
            ],
            "comment": "Kubernetes control-plane subnet",
            "container_id": null,
            "id": "k8s_control",
            "name": "k8s_control",
            "node_name": null,
            "vm_id": null
          },
          "sensitive_attributes": [],
          "identity_schema_version": 0,
          "private": "bnVsbA=="
        }
      ]
    },
    {
      "mode": "managed",
      "type": "proxmox_virtual_environment_firewall_ipset",
      "name": "k8s_workers",
      "provider": "provider[\"registry.terraform.io/bpg/proxmox\"]",
      "instances": [
        {
          "schema_version": 0,
          "attributes": {
            "cidr": [
              {
                "comment": "Kubernetes worker network",
                "name": "10.8.1.0/24",
                "nomatch": false
              }
            ],
            "comment": "Kubernetes worker subnet",
            "container_id": null,
            "id": "k8s_workers",
            "name": "k8s_workers",
            "node_name": null,
            "vm_id": null
          },
          "sensitive_attributes": [],
          "identity_schema_version": 0,
          "private": "bnVsbA=="
        }
      ]
    }
  ],
  "check_results": null
}
