{
  "version": 4,
  "terraform_version": "1.13.2",
  "serial": 130,
  "lineage": "6f79b472-26b7-c9f2-35c7-8b9c4441d3d0",
  "outputs": {
    "openwrt_container_id": {
      "value": 101,
      "type": "number"
    },
    "openwrt_container_name": {
      "value": "openwrt-01",
      "type": "string"
    }
  },
  "resources": [
    {
      "mode": "managed",
      "type": "proxmox_sdn_applier",
      "name": "controller_applier",
      "provider": "provider[\"registry.terraform.io/bpg/proxmox\"]",
      "instances": [
        {
          "schema_version": 0,
          "attributes": {
            "id": "1788999006951",
            "on_create": true,
            "on_destroy": true
          },
          "sensitive_attributes": [],
          "identity_schema_version": 0,
          "dependencies": [
            "proxmox_sdn_applier.initial_applier",
            "proxmox_sdn_controller_evpn.main",
            "proxmox_sdn_fabric_node_openfabric.mgmt1",
            "proxmox_sdn_fabric_node_openfabric.mgmt2",
            "proxmox_sdn_fabric_node_openfabric.mgmt3",
            "proxmox_sdn_fabric_openfabric.main"
          ]
        }
      ]
    },
    {
      "mode": "managed",
      "type": "proxmox_sdn_applier",
      "name": "initial_applier",
      "provider": "provider[\"registry.terraform.io/bpg/proxmox\"]",
      "instances": [
        {
          "schema_version": 0,
          "attributes": {
            "id": "1788998995660",
            "on_create": true,
            "on_destroy": true
          },
          "sensitive_attributes": [],
          "identity_schema_version": 0
        }
      ]
    },
    {
      "mode": "managed",
      "type": "proxmox_sdn_applier",
      "name": "subnet_applier",
      "provider": "provider[\"registry.terraform.io/bpg/proxmox\"]",
      "instances": [
        {
          "schema_version": 0,
          "attributes": {
            "id": "1788999026423",
            "on_create": true,
            "on_destroy": true
          },
          "sensitive_attributes": [],
          "identity_schema_version": 0,
          "dependencies": [
            "proxmox_sdn_applier.controller_applier",
            "proxmox_sdn_applier.initial_applier",
            "proxmox_sdn_applier.zone_applier",
            "proxmox_sdn_controller_evpn.main",
            "proxmox_sdn_fabric_node_openfabric.mgmt1",
            "proxmox_sdn_fabric_node_openfabric.mgmt2",
            "proxmox_sdn_fabric_node_openfabric.mgmt3",
            "proxmox_sdn_fabric_openfabric.main",
            "proxmox_sdn_subnet.k8s_control",
            "proxmox_sdn_subnet.k8s_workers",
            "proxmox_sdn_vnet.k8s_control",
            "proxmox_sdn_vnet.k8s_workers",
            "proxmox_sdn_zone_evpn.main"
          ]
        }
      ]
    },
    {
      "mode": "managed",
      "type": "proxmox_sdn_applier",
      "name": "vnet_applier",
      "provider": "provider[\"registry.terraform.io/bpg/proxmox\"]",
      "instances": [
        {
          "schema_version": 0,
          "attributes": {
            "id": "1788999027388",
            "on_create": true,
            "on_destroy": true
          },
          "sensitive_attributes": [],
          "identity_schema_version": 0,
          "dependencies": [
            "proxmox_sdn_applier.controller_applier",
            "proxmox_sdn_applier.initial_applier",
            "proxmox_sdn_applier.zone_applier",
            "proxmox_sdn_controller_evpn.main",
            "proxmox_sdn_fabric_node_openfabric.mgmt1",
            "proxmox_sdn_fabric_node_openfabric.mgmt2",
            "proxmox_sdn_fabric_node_openfabric.mgmt3",
            "proxmox_sdn_fabric_openfabric.main",
            "proxmox_sdn_vnet.k8s_control",
            "proxmox_sdn_vnet.k8s_workers",
            "proxmox_sdn_zone_evpn.main"
          ]
        }
      ]
    },
    {
      "mode": "managed",
      "type": "proxmox_sdn_applier",
      "name": "zone_applier",
      "provider": "provider[\"registry.terraform.io/bpg/proxmox\"]",
      "instances": [
        {
          "schema_version": 0,
          "attributes": {
            "id": "1788999016134",
            "on_create": true,
            "on_destroy": true
          },
          "sensitive_attributes": [],
          "identity_schema_version": 0,
          "dependencies": [
            "proxmox_sdn_applier.controller_applier",
            "proxmox_sdn_applier.initial_applier",
            "proxmox_sdn_controller_evpn.main",
            "proxmox_sdn_fabric_node_openfabric.mgmt1",
            "proxmox_sdn_fabric_node_openfabric.mgmt2",
            "proxmox_sdn_fabric_node_openfabric.mgmt3",
            "proxmox_sdn_fabric_openfabric.main",
            "proxmox_sdn_zone_evpn.main"
          ]
        }
      ]
    },
    {
      "mode": "managed",
      "type": "proxmox_sdn_controller_evpn",
      "name": "main",
      "provider": "provider[\"registry.terraform.io/bpg/proxmox\"]",
      "instances": [
        {
          "schema_version": 0,
          "attributes": {
            "asn": 65000,
            "digest": null,
            "fabric": "main",
            "id": "evpn1",
            "peers": null
          },
          "sensitive_attributes": [],
          "identity_schema_version": 0,
          "dependencies": [
            "proxmox_sdn_applier.initial_applier",
            "proxmox_sdn_fabric_node_openfabric.mgmt1",
            "proxmox_sdn_fabric_node_openfabric.mgmt2",
            "proxmox_sdn_fabric_node_openfabric.mgmt3",
            "proxmox_sdn_fabric_openfabric.main"
          ]
        }
      ]
    },
    {
      "mode": "managed",
      "type": "proxmox_sdn_fabric_node_openfabric",
      "name": "mgmt1",
      "provider": "provider[\"registry.terraform.io/bpg/proxmox\"]",
      "instances": [
        {
          "schema_version": 0,
          "attributes": {
            "fabric_id": "main",
            "id": "main/mgmt1",
            "interface_names": [
              "vmbr0"
            ],
            "ip": "10.0.0.11",
            "ip6": null,
            "node_id": "mgmt1"
          },
          "sensitive_attributes": [],
          "identity_schema_version": 0,
          "dependencies": [
            "proxmox_sdn_applier.initial_applier",
            "proxmox_sdn_fabric_openfabric.main"
          ]
        }
      ]
    },
    {
      "mode": "managed",
      "type": "proxmox_sdn_fabric_node_openfabric",
      "name": "mgmt2",
      "provider": "provider[\"registry.terraform.io/bpg/proxmox\"]",
      "instances": [
        {
          "schema_version": 0,
          "attributes": {
            "fabric_id": "main",
            "id": "main/mgmt2",
            "interface_names": [
              "vmbr0"
            ],
            "ip": "10.0.0.12",
            "ip6": null,
            "node_id": "mgmt2"
          },
          "sensitive_attributes": [],
          "identity_schema_version": 0,
          "dependencies": [
            "proxmox_sdn_applier.initial_applier",
            "proxmox_sdn_fabric_openfabric.main"
          ]
        }
      ]
    },
    {
      "mode": "managed",
      "type": "proxmox_sdn_fabric_node_openfabric",
      "name": "mgmt3",
      "provider": "provider[\"registry.terraform.io/bpg/proxmox\"]",
      "instances": [
        {
          "schema_version": 0,
          "attributes": {
            "fabric_id": "main",
            "id": "main/mgmt3",
            "interface_names": [
              "vmbr0"
            ],
            "ip": "10.0.0.13",
            "ip6": null,
            "node_id": "mgmt3"
          },
          "sensitive_attributes": [],
          "identity_schema_version": 0,
          "dependencies": [
            "proxmox_sdn_applier.initial_applier",
            "proxmox_sdn_fabric_openfabric.main"
          ]
        }
      ]
    },
    {
      "mode": "managed",
      "type": "proxmox_sdn_fabric_openfabric",
      "name": "main",
      "provider": "provider[\"registry.terraform.io/bpg/proxmox\"]",
      "instances": [
        {
          "schema_version": 0,
          "attributes": {
            "csnp_interval": null,
            "hello_interval": null,
            "id": "main",
            "ip6_prefix": null,
            "ip_prefix": "10.0.0.0/16"
          },
          "sensitive_attributes": [],
          "identity_schema_version": 0,
          "dependencies": [
            "proxmox_sdn_applier.initial_applier"
          ]
        }
      ]
    },
    {
      "mode": "managed",
      "type": "proxmox_sdn_subnet",
      "name": "k8s_control",
      "provider": "provider[\"registry.terraform.io/bpg/proxmox\"]",
      "instances": [
        {
          "schema_version": 0,
          "attributes": {
            "cidr": "10.8.0.0/24",
            "dhcp_dns_server": null,
            "dhcp_range": null,
            "dns_zone_prefix": null,
            "gateway": "10.8.0.1",
            "id": "evpn-10.8.0.0-24",
            "snat": true,
            "vnet": "k8sctl"
          },
          "sensitive_attributes": [],
          "identity_schema_version": 0,
          "dependencies": [
            "proxmox_sdn_applier.controller_applier",
            "proxmox_sdn_applier.initial_applier",
            "proxmox_sdn_applier.zone_applier",
            "proxmox_sdn_controller_evpn.main",
            "proxmox_sdn_fabric_node_openfabric.mgmt1",
            "proxmox_sdn_fabric_node_openfabric.mgmt2",
            "proxmox_sdn_fabric_node_openfabric.mgmt3",
            "proxmox_sdn_fabric_openfabric.main",
            "proxmox_sdn_vnet.k8s_control",
            "proxmox_sdn_zone_evpn.main"
          ]
        }
      ]
    },
    {
      "mode": "managed",
      "type": "proxmox_sdn_subnet",
      "name": "k8s_workers",
      "provider": "provider[\"registry.terraform.io/bpg/proxmox\"]",
      "instances": [
        {
          "schema_version": 0,
          "attributes": {
            "cidr": "10.8.1.0/24",
            "dhcp_dns_server": null,
            "dhcp_range": null,
            "dns_zone_prefix": null,
            "gateway": "10.8.1.1",
            "id": "evpn-10.8.1.0-24",
            "snat": true,
            "vnet": "k8swrk"
          },
          "sensitive_attributes": [],
          "identity_schema_version": 0,
          "dependencies": [
            "proxmox_sdn_applier.controller_applier",
            "proxmox_sdn_applier.initial_applier",
            "proxmox_sdn_applier.zone_applier",
            "proxmox_sdn_controller_evpn.main",
            "proxmox_sdn_fabric_node_openfabric.mgmt1",
            "proxmox_sdn_fabric_node_openfabric.mgmt2",
            "proxmox_sdn_fabric_node_openfabric.mgmt3",
            "proxmox_sdn_fabric_openfabric.main",
            "proxmox_sdn_vnet.k8s_workers",
            "proxmox_sdn_zone_evpn.main"
          ]
        }
      ]
    },
    {
      "mode": "managed",
      "type": "proxmox_sdn_vnet",
      "name": "k8s_control",
      "provider": "provider[\"registry.terraform.io/bpg/proxmox\"]",
      "instances": [
        {
          "schema_version": 0,
          "attributes": {
            "alias": null,
            "id": "k8sctl",
            "isolate_ports": null,
            "tag": 10001,
            "vlan_aware": null,
            "zone": "evpn"
          },
          "sensitive_attributes": [],
          "identity_schema_version": 0,
          "dependencies": [
            "proxmox_sdn_applier.controller_applier",
            "proxmox_sdn_applier.initial_applier",
            "proxmox_sdn_applier.zone_applier",
            "proxmox_sdn_controller_evpn.main",
            "proxmox_sdn_fabric_node_openfabric.mgmt1",
            "proxmox_sdn_fabric_node_openfabric.mgmt2",
            "proxmox_sdn_fabric_node_openfabric.mgmt3",
            "proxmox_sdn_fabric_openfabric.main",
            "proxmox_sdn_zone_evpn.main"
          ]
        }
      ]
    },
    {
      "mode": "managed",
      "type": "proxmox_sdn_vnet",
      "name": "k8s_workers",
      "provider": "provider[\"registry.terraform.io/bpg/proxmox\"]",
      "instances": [
        {
          "schema_version": 0,
          "attributes": {
            "alias": null,
            "id": "k8swrk",
            "isolate_ports": null,
            "tag": 10002,
            "vlan_aware": null,
            "zone": "evpn"
          },
          "sensitive_attributes": [],
          "identity_schema_version": 0,
          "dependencies": [
            "proxmox_sdn_applier.controller_applier",
            "proxmox_sdn_applier.initial_applier",
            "proxmox_sdn_applier.zone_applier",
            "proxmox_sdn_controller_evpn.main",
            "proxmox_sdn_fabric_node_openfabric.mgmt1",
            "proxmox_sdn_fabric_node_openfabric.mgmt2",
            "proxmox_sdn_fabric_node_openfabric.mgmt3",
            "proxmox_sdn_fabric_openfabric.main",
            "proxmox_sdn_zone_evpn.main"
          ]
        }
      ]
    },
    {
      "mode": "managed",
      "type": "proxmox_sdn_zone_evpn",
      "name": "main",
      "provider": "provider[\"registry.terraform.io/bpg/proxmox\"]",
      "instances": [
        {
          "schema_version": 0,
          "attributes": {
            "advertise_subnets": true,
            "controller": "evpn1",
            "disable_arp_nd_suppression": false,
            "dns": null,
            "dns_zone": null,
            "exit_nodes": [
              "mgmt1"
            ],
            "exit_nodes_local_routing": true,
            "id": "evpn",
            "ipam": "pve",
            "mtu": 1450,
            "nodes": [
              "mgmt1",
              "mgmt2",
              "mgmt3"
            ],
            "pending": null,
            "primary_exit_node": "mgmt1",
            "reverse_dns": null,
            "rt_import": "65000:65000",
            "state": null,
            "vrf_vxlan": 4000
          },
          "sensitive_attributes": [],
          "identity_schema_version": 0,
          "dependencies": [
            "proxmox_sdn_applier.controller_applier",
            "proxmox_sdn_applier.initial_applier",
            "proxmox_sdn_controller_evpn.main",
            "proxmox_sdn_fabric_node_openfabric.mgmt1",
            "proxmox_sdn_fabric_node_openfabric.mgmt2",
            "proxmox_sdn_fabric_node_openfabric.mgmt3",
            "proxmox_sdn_fabric_openfabric.main"
          ]
        }
      ]
    },
    {
      "mode": "managed",
      "type": "proxmox_virtual_environment_container",
      "name": "openwrt_01",
      "provider": "provider[\"registry.terraform.io/bpg/proxmox\"]",
      "instances": [
        {
          "schema_version": 0,
          "attributes": {
            "clone": [
              {
                "datastore_id": "proxpool",
                "full": true,
                "node_name": "mgmt1",
                "vm_id": 905
              }
            ],
            "console": [],
            "cpu": [
              {
                "architecture": "amd64",
                "cores": 1,
                "limit": 0,
                "units": 0
              }
            ],
            "description": "OpenWrt DHCP/DNS server for k8sctl and k8swrk EVPN VNets\n",
            "device_passthrough": [],
            "disk": [
              {
                "acl": false,
                "datastore_id": "proxpool",
                "mount_options": [],
                "path_in_datastore": "proxpool:vm-101-disk-0",
                "quota": false,
                "replicate": false,
                "size": 2
              }
            ],
            "environment_variables": {},
            "features": [],
            "hook_script_file_id": null,
            "id": "101",
            "idmap": [],
            "initialization": [
              {
                "dns": [],
                "entrypoint": "",
                "hostname": "openwrt-01",
                "ip_config": [
                  {
                    "ipv4": [
                      {
                        "address": "192.168.2.2/24",
                        "gateway": "192.168.2.1"
                      }
                    ],
                    "ipv6": []
                  }
                ],
                "user_account": []
              }
            ],
            "ipv4": {},
            "ipv6": {},
            "memory": [
              {
                "dedicated": 500,
                "swap": 0
              }
            ],
            "mount_point": [],
            "network_interface": [
              {
                "bridge": "vmbr0",
                "enabled": true,
                "firewall": false,
                "host_managed": false,
                "mac_address": "BC:24:11:54:B4:A6",
                "mtu": 0,
                "name": "eth0",
                "rate_limit": 0,
                "vlan_id": 12
              },
              {
                "bridge": "k8sctl",
                "enabled": true,
                "firewall": false,
                "host_managed": false,
                "mac_address": "BC:24:11:E2:AA:CE",
                "mtu": 0,
                "name": "eth1",
                "rate_limit": 0,
                "vlan_id": 0
              },
              {
                "bridge": "k8swrk",
                "enabled": true,
                "firewall": false,
                "host_managed": false,
                "mac_address": "BC:24:11:93:52:79",
                "mtu": 0,
                "name": "eth2",
                "rate_limit": 0,
                "vlan_id": 0
              }
            ],
            "node_name": "mgmt1",
            "operating_system": [],
            "pool_id": null,
            "protection": false,
            "start_on_boot": true,
            "started": true,
            "startup": [],
            "tags": [
              "dhcp",
              "dns",
              "net-utils",
              "openwrt",
              "terraform"
            ],
            "template": false,
            "timeout_clone": 1800,
            "timeout_create": 1800,
            "timeout_delete": 60,
            "timeout_start": 300,
            "timeout_update": 1800,
            "unprivileged": false,
            "vm_id": 101,
            "wait_for_ip": []
          },
          "sensitive_attributes": [],
          "identity_schema_version": 0,
          "private": "bnVsbA==",
          "dependencies": [
            "proxmox_sdn_applier.controller_applier",
            "proxmox_sdn_applier.initial_applier",
            "proxmox_sdn_applier.subnet_applier",
            "proxmox_sdn_applier.zone_applier",
            "proxmox_sdn_controller_evpn.main",
            "proxmox_sdn_fabric_node_openfabric.mgmt1",
            "proxmox_sdn_fabric_node_openfabric.mgmt2",
            "proxmox_sdn_fabric_node_openfabric.mgmt3",
            "proxmox_sdn_fabric_openfabric.main",
            "proxmox_sdn_subnet.k8s_control",
            "proxmox_sdn_subnet.k8s_workers",
            "proxmox_sdn_vnet.k8s_control",
            "proxmox_sdn_vnet.k8s_workers",
            "proxmox_sdn_zone_evpn.main"
          ]
        }
      ]
    }
  ],
  "check_results": null
}
